
Microsoft Visual Studio Solution File, Format Version 12.00
# Visual Studio Version 16
VisualStudioVersion = 16.0.30406.217
MinimumVisualStudioVersion = 10.0.40219.1
Project("{9A19103F-16F7-4668-BE54-9A1E7A4F7556}") = "pipelines-dotnet-core", "pipelines-dotnet-core.csproj", "{EDBD6B85-A1E4-4B28-8446-9B59448781C9}"
EndProject
Global
	GlobalSection(SolutionConfigurationPlatforms) = preSolution
		Debug|Any CPU = Debug|Any CPU
		Release|Any CPU = Release|Any CPU
	EndGlobalSection
	GlobalSection(ProjectConfigurationPlatforms) = postSolution
		{EDBD6B85-A1E4-4B28-8446-9B59448781C9}.Debug|Any CPU.ActiveCfg = Debug|Any CPU
		{EDBD6B85-A1E4-4B28-8446-9B59448781C9}.Debug|Any CPU.Build.0 = Debug|Any CPU
		{EDBD6B85-A1E4-4B28-8446-9B59448781C9}.Release|Any CPU.ActiveCfg = Release|Any CPU
		{EDBD6B85-A1E4-4B28-8446-9B59448781C9}.Release|Any CPU.Build.0 = Release|Any CPU
	EndGlobalSection
	GlobalSection(SolutionProperties) = preSolution
		HideSolutionNode = FALSE
	EndGlobalSection
	GlobalSection(ExtensibilityGlobals) = postSolution
		SolutionGuid = {2F9CD299-C16D-4EE5-B2F5-248260EBC89A}
	EndGlobalSection
EndGlobal
